// !$*UTF8*$!
{
	archiveVersion = 1;
	classes = {
	};
	objectVersion = 46;
	objects = {

/* Begin PBXBuildFile section */
		A90620441EAF99C600B32888 /* main.m in Sources */ = {isa = PBXBuildFile; fileRef = A90620431EAF99C600B32888 /* main.m */; };
		A90620471EAF99C600B32888 /* AppDelegate.m in Sources */ = {isa = PBXBuildFile; fileRef = A90620461EAF99C600B32888 /* AppDelegate.m */; };
		A906204A1EAF99C600B32888 /* ViewController.m in Sources */ = {isa = PBXBuildFile; fileRef = A90620491EAF99C600B32888 /* ViewController.m */; };
		A906204D1EAF99C600B32888 /* Main.storyboard in Resources */ = {isa = PBXBuildFile; fileRef = A906204B1EAF99C600B32888 /* Main.storyboard */; };
		A906204F1EAF99C600B32888 /* Assets.xcassets in Resources */ = {isa = PBXBuildFile; fileRef = A906204E1EAF99C600B32888 /* Assets.xcassets */; };
		A90620521EAF99C600B32888 /* LaunchScreen.storyboard in Resources */ = {isa = PBXBuildFile; fileRef = A90620501EAF99C600B32888 /* LaunchScreen.storyboard */; };
/* End PBXBuildFile section */

/* Begin PBXFileReference section */
		A906203F1EAF99C600B32888 /* JZSQLiteDemo.app */ = {isa = PBXFileReference; explicitFileType = wrapper.application; includeInIndex = 0; path = JZSQLiteDemo.app; sourceTree = BUILT_PRODUCTS_DIR; };
		A90620431EAF99C600B32888 /* main.m */ = {isa = PBXFileReference; lastKnownFileType = sourcecode.c.objc; path = main.m; sourceTree = "<group>"; };
		A90620451EAF99C600B32888 /* AppDelegate.h */ = {isa = PBXFileReference; lastKnownFileType = sourcecode.c.h; path = AppDelegate.h; sourceTree = "<group>"; };
		A90620461EAF99C600B32888 /* AppDelegate.m */ = {isa = PBXFileReference; lastKnownFileType = sourcecode.c.objc; path = AppDelegate.m; sourceTree = "<group>"; };
		A90620481EAF99C600B32888 /* ViewController.h */ = {isa = PBXFileReference; lastKnownFileType = sourcecode.c.h; path = ViewController.h; sourceTree = "<group>"; };
		A90620491EAF99C600B32888 /* ViewController.m */ = {isa = PBXFileReference; lastKnownFileType = sourcecode.c.objc; path = ViewController.m; sourceTree = "<group>"; };
		A906204C1EAF99C600B32888 /* Base */ = {isa = PBXFileReference; lastKnownFileType = file.storyboard; name = Base; path = Base.lproj/Main.storyboard; sourceTree = "<group>"; };
		A906204E1EAF99C600B32888 /* Assets.xcassets */ = {isa = PBXFileReference; lastKnownFileType = folder.assetcatalog; path = Assets.xcassets; sourceTree = "<group>"; };
		A90620511EAF99C600B32888 /* Base */ = {isa = PBXFileReference; lastKnownFileType = file.storyboard; name = Base; path = Base.lproj/LaunchScreen.storyboard; sourceTree = "<group>"; };
		A90620531EAF99C600B32888 /* Info.plist */ = {isa = PBXFileReference; lastKnownFileType = text.plist.xml; path = Info.plist; sourceTree = "<group>"; };
/* End PBXFileReference section */

/* Begin PBXFrameworksBuildPhase section */
		A906203C1EAF99C600B32888 /* Frameworks */ = {
			isa = PBXFrameworksBuildPhase;
			buildActionMask = 2147483647;
			files = (
			);
			runOnlyForDeploymentPostprocessing = 0;
		};
/* End PBXFrameworksBuildPhase section */

/* Begin PBXGroup section */
		A90620361EAF99C600B32888 = {
			isa = PBXGroup;
			children = (
				A90620411EAF99C600B32888 /* JZSQLiteDemo */,
				A90620401EAF99C600B32888 /* Products */,
			);
			sourceTree = "<group>";
		};
		A90620401EAF99C600B32888 /* Products */ = {
			isa = PBXGroup;
			children = (
				A906203F1EAF99C600B32888 /* JZSQLiteDemo.app */,
			);
			name = Products;
			sourceTree = "<group>";
		};
		A90620411EAF99C600B32888 /* JZSQLiteDemo */ = {
			isa = PBXGroup;
			children = (
				A90620451EAF99C600B32888 /* AppDelegate.h */,
				A90620461EAF99C600B32888 /* AppDelegate.m */,
				A90620481EAF99C600B32888 /* ViewController.h */,
				A90620491EAF99C600B32888 /* ViewController.m */,
				A906204B1EAF99C600B32888 /* Main.storyboard */,
				A906204E1EAF99C600B32888 /* Assets.xcassets */,
				A90620501EAF99C600B32888 /* LaunchScreen.storyboard */,
				A90620531EAF99C600B32888 /* Info.plist */,
				A90620421EAF99C600B32888 /* Supporting Files */,
			);
			path = JZSQLiteDemo;
			sourceTree = "<group>";
		};
		A90620421EAF99C600B32888 /* Supporting Files */ = {
			isa = PBXGroup;
			children = (
				A90620431EAF99C600B32888 /* main.m */,
			);
			name = "Supporting Files";
			sourceTree = "<group>";
		};
/* End PBXGroup section */

/* Begin PBXNativeTarget section */
		A906203E1EAF99C600B32888 /* JZSQLiteDemo */ = {
			isa = PBXNativeTarget;
			buildConfigurationList = A90620561EAF99C600B32888 /* Build configuration list for PBXNativeTarget "JZSQLiteDemo" */;
			buildPhases = (
				A906203B1EAF99C600B32888 /* Sources */,
				A906203C1EAF99C600B32888 /* Frameworks */,
				A906203D1EAF99C600B32888 /* Resources */,
			);
			buildRules = (
			);
			dependencies = (
			);
			name = JZSQLiteDemo;
			productName = JZSQLiteDemo;
			productReference = A906203F1EAF99C600B32888 /* JZSQLiteDemo.app */;
			productType = "com.apple.product-type.application";
		};
/* End PBXNativeTarget section */

/* Begin PBXProject section */
		A90620371EAF99C600B32888 /* Project object */ = {
			isa = PBXProject;
			attributes = {
				LastUpgradeCheck = 0820;
				ORGANIZATIONNAME = Chenjz;
				TargetAttributes = {
					A906203E1EAF99C600B32888 = {
						CreatedOnToolsVersion = 8.2;
						ProvisioningStyle = Automatic;
					};
				};
			};
			buildConfigurationList = A906203A1EAF99C600B32888 /* Build configuration list for PBXProject "JZSQLiteDemo" */;
			compatibilityVersion = "Xcode 3.2";
			developmentRegion = English;
			hasScannedForEncodings = 0;
			knownRegions = (
				en,
				Base,
			);
			mainGroup = A90620361EAF99C600B32888;
			productRefGroup = A90620401EAF99C600B32888 /* Products */;
			projectDirPath = "";
			projectRoot = "";
			targets = (
				A906203E1EAF99C600B32888 /* JZSQLiteDemo */,
			);
		};
/* End PBXProject section */

/* Begin PBXResourcesBuildPhase section */
		A906203D1EAF99C600B32888 /* Resources */ = {
			isa = PBXResourcesBuildPhase;
			buildActionMask = 2147483647;
			files = (
				A90620521EAF99C600B32888 /* LaunchScreen.storyboard in Resources */,
				A906204F1EAF99C600B32888 /* Assets.xcassets in Resources */,
				A906204D1EAF99C600B32888 /* Main.storyboard in Resources */,
			);
			runOnlyForDeploymentPostprocessing = 0;
		};
/* End PBXResourcesBuildPhase section */

/* Begin PBXSourcesBuildPhase section */
		A906203B1EAF99C600B32888 /* Sources */ = {
			isa = PBXSourcesBuildPhase;
			buildActionMask = 2147483647;
			files = (
				A906204A1EAF99C600B32888 /* ViewController.m in Sources */,
				A90620471EAF99C600B32888 /* AppDelegate.m in Sources */,
				A90620441EAF99C600B32888 /* main.m in Sources */,
			);
			runOnlyForDeploymentPostprocessing = 0;
		};
/* End PBXSourcesBuildPhase section */

/* Begin PBXVariantGroup section */
		A906204B1EAF99C600B32888 /* Main.storyboard */ = {
			isa = PBXVariantGroup;
			children = (
				A906204C1EAF99C600B32888 /* Base */,
			);
			name = Main.storyboard;
			sourceTree = "<group>";
		};
		A90620501EAF99C600B32888 /* LaunchScreen.storyboard */ = {
			isa = PBXVariantGroup;
			children = (
				A90620511EAF99C600B32888 /* Base */,
			);
			name = LaunchScreen.storyboard;
			sourceTree = "<group>";
		};
/* End PBXVariantGroup section */

/* Begin XCBuildConfiguration section */
		A90620541EAF99C600B32888 /* Debug */ = {
			isa = XCBuildConfiguration;
			buildSettings = {
				ALWAYS_SEARCH_USER_PATHS = NO;
				CLANG_ANALYZER_NONNULL = YES;
				CLANG_CXX_LANGUAGE_STANDARD = "gnu++0x";
				CLANG_CXX_LIBRARY = "libc++";
				CLANG_ENABLE_MODULES = YES;
				CLANG_ENABLE_OBJC_ARC = YES;
				CLANG_WARN_BOOL_CONVERSION = YES;
				CLANG_WARN_CONSTANT_CONVERSION = YES;
				CLANG_WARN_DIRECT_OBJC_ISA_USAGE = YES_ERROR;
				CLANG_WARN_DOCUMENTATION_COMMENTS = YES;
				CLANG_WARN_EMPTY_BODY = YES;
				CLANG_WARN_ENUM_CONVERSION = YES;
				CLANG_WARN_INFINITE_RECURSION = YES;
				CLANG_WARN_INT_CONVERSION = YES;
				CLANG_WARN_OBJC_ROOT_CLASS = YES_ERROR;
				CLANG_WARN_SUSPICIOUS_MOVE = YES;
				CLANG_WARN_UNREACHABLE_CODE = YES;
				CLANG_WARN__DUPLICATE_METHOD_MATCH = YES;
				"CODE_SIGN_IDENTITY[sdk=iphoneos*]" = "iPhone Developer";
				COPY_PHASE_STRIP = NO;
				DEBUG_INFORMATION_FORMAT = dwarf;
				ENABLE_STRICT_OBJC_MSGSEND = YES;
				ENABLE_TESTABILITY = YES;
				GCC_C_LANGUAGE_STANDARD = gnu99;
				GCC_DYNAMIC_NO_PIC = NO;
				GCC_NO_COMMON_BLOCKS = YES;
				GCC_OPTIMIZATION_LEVEL = 0;
				GCC_PREPROCESSOR_DEFINITIONS = (
					"DEBUG=1",
					"$(inherited)",
				);
				GCC_WARN_64_TO_32_BIT_CONVERSION = YES;
				GCC_WARN_ABOUT_RETURN_TYPE = YES_ERROR;
				GCC_WARN_UNDECLARED_SELECTOR = YES;
				GCC_WARN_UNINITIALIZED_AUTOS = YES_AGGRESSIVE;
				GCC_WARN_UNUSED_FUNCTION = YES;
				GCC_WARN_UNUSED_VARIABLE = YES;
				IPHONEOS_DEPLOYMENT_TARGET = 10.2;
				MTL_ENABLE_DEBUG_INFO = YES;
				ONLY_ACTIVE_ARCH = YES;
				SDKROOT = iphoneos;
			};
			name = Debug;
		};
		A90620551EAF99C600B32888 /* Release */ = {
			isa = XCBuildConfiguration;
			buildSettings = {
				ALWAYS_SEARCH_USER_PATHS = NO;
				CLANG_ANALYZER_NONNULL = YES;
				CLANG_CXX_LANGUAGE_STANDARD = "gnu++0x";
				CLANG_CXX_LIBRARY = "libc++";
				CLANG_ENABLE_MODULES = YES;
				CLANG_ENABLE_OBJC_ARC = YES;
				CLANG_WARN_BOOL_CONVERSION = YES;
				CLANG_WARN_CONSTANT_CONVERSION = YES;
				CLANG_WARN_DIRECT_OBJC_ISA_USAGE = YES_ERROR;
				CLANG_WARN_DOCUMENTATION_COMMENTS = YES;
				CLANG_WARN_EMPTY_BODY = YES;
				CLANG_WARN_ENUM_CONVERSION = YES;
				CLANG_WARN_INFINITE_RECURSION = YES;
				CLANG_WARN_INT_CONVERSION = YES;
				CLANG_WARN_OBJC_ROOT_CLASS = YES_ERROR;
				CLANG_WARN_SUSPICIOUS_MOVE = YES;
				CLANG_WARN_UNREACHABLE_CODE = YES;
				CLANG_WARN__DUPLICATE_METHOD_MATCH = YES;
				"CODE_SIGN_IDENTITY[sdk=iphoneos*]" = "iPhone Developer";
				COPY_PHASE_STRIP = NO;
				DEBUG_INFORMATION_FORMAT = "dwarf-with-dsym";
				ENABLE_NS_ASSERTIONS = NO;
				ENABLE_STRICT_OBJC_MSGSEND = YES;
				GCC_C_LANGUAGE_STANDARD = gnu99;
				GCC_NO_COMMON_BLOCKS = YES;
				GCC_WARN_64_TO_32_BIT_CONVERSION = YES;
				GCC_WARN_ABOUT_RETURN_TYPE = YES_ERROR;
				GCC_WARN_UNDECLARED_SELECTOR = YES;
				GCC_WARN_UNINITIALIZED_AUTOS = YES_AGGRESSIVE;
				GCC_WARN_UNUSED_FUNCTION = YES;
				GCC_WARN_UNUSED_VARIABLE = YES;
				IPHONEOS_DEPLOYMENT_TARGET = 10.2;
				MTL_ENABLE_DEBUG_INFO = NO;
				SDKROOT = iphoneos;
				VALIDATE_PRODUCT = YES;
			};
			name = Release;
		};
		A90620571EAF99C600B32888 /* Debug */ = {
			isa = XCBuildConfiguration;
			buildSettings = {
				ASSETCATALOG_COMPILER_APPICON_NAME = AppIcon;
				INFOPLIST_FILE = JZSQLiteDemo/Info.plist;
				LD_RUNPATH_SEARCH_PATHS = "$(inherited) @executable_path/Frameworks";
				PRODUCT_BUNDLE_IDENTIFIER = JZ.JZSQLiteDemo;
				PRODUCT_NAME = "$(TARGET_NAME)";
			};
			name = Debug;
		};
		A90620581EAF99C600B32888 /* Release */ = {
			isa = XCBuildConfiguration;
			buildSettings = {
				ASSETCATALOG_COMPILER_APPICON_NAME = AppIcon;
				INFOPLIST_FILE = JZSQLiteDemo/Info.plist;
				LD_RUNPATH_SEARCH_PATHS = "$(inherited) @executable_path/Frameworks";
				PRODUCT_BUNDLE_IDENTIFIER = JZ.JZSQLiteDemo;
				PRODUCT_NAME = "$(TARGET_NAME)";
			};
			name = Release;
		};
/* End XCBuildConfiguration section */

/* Begin XCConfigurationList section */
		A906203A1EAF99C600B32888 /* Build configuration list for PBXProject "JZSQLiteDemo" */ = {
			isa = XCConfigurationList;
			buildConfigurations = (
				A90620541EAF99C600B32888 /* Debug */,
				A90620551EAF99C600B32888 /* Release */,
			);
			defaultConfigurationIsVisible = 0;
			defaultConfigurationName = Release;
		};
		A90620561EAF99C600B32888 /* Build configuration list for PBXNativeTarget "JZSQLiteDemo" */ = {
			isa = XCConfigurationList;
			buildConfigurations = (
				A90620571EAF99C600B32888 /* Debug */,
				A90620581EAF99C600B32888 /* Release */,
			);
			defaultConfigurationIsVisible = 0;
		};
/* End XCConfigurationList section */
	};
	rootObject = A90620371EAF99C600B32888 /* Project object */;
}
